
Microsoft Visual Studio Solution File, Format Version 12.00
# Visual Studio Version 17
VisualStudioVersion = 17.4.33213.308
MinimumVisualStudioVersion = 10.0.40219.1
Project("{FAE04EC0-301F-11D3-BF4B-00C04F79EFBC}") = "_07___Arrays", "_07___Arrays\_07___Arrays.csproj", "{90D5141A-0374-4A5A-AE9C-23C7538EEE95}"
EndProject
Global
	GlobalSection(SolutionConfigurationPlatforms) = preSolution
		Debug|Any CPU = Debug|Any CPU
		Release|Any CPU = Release|Any CPU
	EndGlobalSection
	GlobalSection(ProjectConfigurationPlatforms) = postSolution
		{90D5141A-0374-4A5A-AE9C-23C7538EEE95}.Debug|Any CPU.ActiveCfg = Debug|Any CPU
		{90D5141A-0374-4A5A-AE9C-23C7538EEE95}.Debug|Any CPU.Build.0 = Debug|Any CPU
		{90D5141A-0374-4A5A-AE9C-23C7538EEE95}.Release|Any CPU.ActiveCfg = Release|Any CPU
		{90D5141A-0374-4A5A-AE9C-23C7538EEE95}.Release|Any CPU.Build.0 = Release|Any CPU
	EndGlobalSection
	GlobalSection(SolutionProperties) = preSolution
		HideSolutionNode = FALSE
	EndGlobalSection
	GlobalSection(ExtensibilityGlobals) = postSolution
		SolutionGuid = {41F44D64-7C13-42EB-9EED-AFCA0340283D}
	EndGlobalSection
EndGlobal
